
Microsoft Visual Studio Solution File, Format Version 12.00
# Visual Studio Version 17
VisualStudioVersion = 17.11.35219.272
MinimumVisualStudioVersion = 10.0.40219.1
Project("{FAE04EC0-301F-11D3-BF4B-00C04F79EFBC}") = "GestorSub", "GestorSub\GestorSub.csproj", "{C674A8C4-EC56-4111-A9A9-D72E1CA0168F}"
EndProject
Project("{FAE04EC0-301F-11D3-BF4B-00C04F79EFBC}") = "Domain", "Domain\Domain.csproj", "{F74818D3-CE1B-4A50-816E-72A0FF7EFEDB}"
EndProject
Project("{FAE04EC0-301F-11D3-BF4B-00C04F79EFBC}") = "Aplicacion", "Aplicacion\Aplicacion.csproj", "{E0143B4A-21D7-4625-871A-444E67C97E53}"
EndProject
Project("{FAE04EC0-301F-11D3-BF4B-00C04F79EFBC}") = "Infraestructura", "Infraestructura\Infraestructura.csproj", "{1D973881-E716-4575-A71A-0AE95A68379B}"
EndProject
Project("{FAE04EC0-301F-11D3-BF4B-00C04F79EFBC}") = "Tests.Unit", "..\..\Test\Tests.Unit\Tests.Unit.csproj", "{192F8881-290C-4455-BEC3-9E26E67E00BC}"
EndProject
Project("{2150E333-8FDC-42A3-9474-1A3956D46DE8}") = "Elementos de la solución", "Elementos de la solución", "{D107F4C8-89CC-BEA8-D3D7-CA6B7733353D}"
	ProjectSection(SolutionItems) = preProject
		signalr-test.html = signalr-test.html
	EndProjectSection
EndProject
Global
	GlobalSection(SolutionConfigurationPlatforms) = preSolution
		Debug|Any CPU = Debug|Any CPU
		Debug|x64 = Debug|x64
		Debug|x86 = Debug|x86
		Release|Any CPU = Release|Any CPU
		Release|x64 = Release|x64
		Release|x86 = Release|x86
	EndGlobalSection
	GlobalSection(ProjectConfigurationPlatforms) = postSolution
		{C674A8C4-EC56-4111-A9A9-D72E1CA0168F}.Debug|Any CPU.ActiveCfg = Debug|Any CPU
		{C674A8C4-EC56-4111-A9A9-D72E1CA0168F}.Debug|Any CPU.Build.0 = Debug|Any CPU
		{C674A8C4-EC56-4111-A9A9-D72E1CA0168F}.Debug|x64.ActiveCfg = Debug|Any CPU
		{C674A8C4-EC56-4111-A9A9-D72E1CA0168F}.Debug|x64.Build.0 = Debug|Any CPU
		{C674A8C4-EC56-4111-A9A9-D72E1CA0168F}.Debug|x86.ActiveCfg = Debug|Any CPU
		{C674A8C4-EC56-4111-A9A9-D72E1CA0168F}.Debug|x86.Build.0 = Debug|Any CPU
		{C674A8C4-EC56-4111-A9A9-D72E1CA0168F}.Release|Any CPU.ActiveCfg = Release|Any CPU
		{C674A8C4-EC56-4111-A9A9-D72E1CA0168F}.Release|Any CPU.Build.0 = Release|Any CPU
		{C674A8C4-EC56-4111-A9A9-D72E1CA0168F}.Release|x64.ActiveCfg = Release|Any CPU
		{C674A8C4-EC56-4111-A9A9-D72E1CA0168F}.Release|x64.Build.0 = Release|Any CPU
		{C674A8C4-EC56-4111-A9A9-D72E1CA0168F}.Release|x86.ActiveCfg = Release|Any CPU
		{C674A8C4-EC56-4111-A9A9-D72E1CA0168F}.Release|x86.Build.0 = Release|Any CPU
		{F74818D3-CE1B-4A50-816E-72A0FF7EFEDB}.Debug|Any CPU.ActiveCfg = Debug|Any CPU
		{F74818D3-CE1B-4A50-816E-72A0FF7EFEDB}.Debug|Any CPU.Build.0 = Debug|Any CPU
		{F74818D3-CE1B-4A50-816E-72A0FF7EFEDB}.Debug|x64.ActiveCfg = Debug|Any CPU
		{F74818D3-CE1B-4A50-816E-72A0FF7EFEDB}.Debug|x64.Build.0 = Debug|Any CPU
		{F74818D3-CE1B-4A50-816E-72A0FF7EFEDB}.Debug|x86.ActiveCfg = Debug|Any CPU
		{F74818D3-CE1B-4A50-816E-72A0FF7EFEDB}.Debug|x86.Build.0 = Debug|Any CPU
		{F74818D3-CE1B-4A50-816E-72A0FF7EFEDB}.Release|Any CPU.ActiveCfg = Release|Any CPU
		{F74818D3-CE1B-4A50-816E-72A0FF7EFEDB}.Release|Any CPU.Build.0 = Release|Any CPU
		{F74818D3-CE1B-4A50-816E-72A0FF7EFEDB}.Release|x64.ActiveCfg = Release|Any CPU
		{F74818D3-CE1B-4A50-816E-72A0FF7EFEDB}.Release|x64.Build.0 = Release|Any CPU
		{F74818D3-CE1B-4A50-816E-72A0FF7EFEDB}.Release|x86.ActiveCfg = Release|Any CPU
		{F74818D3-CE1B-4A50-816E-72A0FF7EFEDB}.Release|x86.Build.0 = Release|Any CPU
		{E0143B4A-21D7-4625-871A-444E67C97E53}.Debug|Any CPU.ActiveCfg = Debug|Any CPU
		{E0143B4A-21D7-4625-871A-444E67C97E53}.Debug|Any CPU.Build.0 = Debug|Any CPU
		{E0143B4A-21D7-4625-871A-444E67C97E53}.Debug|x64.ActiveCfg = Debug|Any CPU
		{E0143B4A-21D7-4625-871A-444E67C97E53}.Debug|x64.Build.0 = Debug|Any CPU
		{E0143B4A-21D7-4625-871A-444E67C97E53}.Debug|x86.ActiveCfg = Debug|Any CPU
		{E0143B4A-21D7-4625-871A-444E67C97E53}.Debug|x86.Build.0 = Debug|Any CPU
		{E0143B4A-21D7-4625-871A-444E67C97E53}.Release|Any CPU.ActiveCfg = Release|Any CPU
		{E0143B4A-21D7-4625-871A-444E67C97E53}.Release|Any CPU.Build.0 = Release|Any CPU
		{E0143B4A-21D7-4625-871A-444E67C97E53}.Release|x64.ActiveCfg = Release|Any CPU
		{E0143B4A-21D7-4625-871A-444E67C97E53}.Release|x64.Build.0 = Release|Any CPU
		{E0143B4A-21D7-4625-871A-444E67C97E53}.Release|x86.ActiveCfg = Release|Any CPU
		{E0143B4A-21D7-4625-871A-444E67C97E53}.Release|x86.Build.0 = Release|Any CPU
		{1D973881-E716-4575-A71A-0AE95A68379B}.Debug|Any CPU.ActiveCfg = Debug|Any CPU
		{1D973881-E716-4575-A71A-0AE95A68379B}.Debug|Any CPU.Build.0 = Debug|Any CPU
		{1D973881-E716-4575-A71A-0AE95A68379B}.Debug|x64.ActiveCfg = Debug|Any CPU
		{1D973881-E716-4575-A71A-0AE95A68379B}.Debug|x64.Build.0 = Debug|Any CPU
		{1D973881-E716-4575-A71A-0AE95A68379B}.Debug|x86.ActiveCfg = Debug|Any CPU
		{1D973881-E716-4575-A71A-0AE95A68379B}.Debug|x86.Build.0 = Debug|Any CPU
		{1D973881-E716-4575-A71A-0AE95A68379B}.Release|Any CPU.ActiveCfg = Release|Any CPU
		{1D973881-E716-4575-A71A-0AE95A68379B}.Release|Any CPU.Build.0 = Release|Any CPU
		{1D973881-E716-4575-A71A-0AE95A68379B}.Release|x64.ActiveCfg = Release|Any CPU
		{1D973881-E716-4575-A71A-0AE95A68379B}.Release|x64.Build.0 = Release|Any CPU
		{1D973881-E716-4575-A71A-0AE95A68379B}.Release|x86.ActiveCfg = Release|Any CPU
		{1D973881-E716-4575-A71A-0AE95A68379B}.Release|x86.Build.0 = Release|Any CPU
		{192F8881-290C-4455-BEC3-9E26E67E00BC}.Debug|Any CPU.ActiveCfg = Debug|Any CPU
		{192F8881-290C-4455-BEC3-9E26E67E00BC}.Debug|Any CPU.Build.0 = Debug|Any CPU
		{192F8881-290C-4455-BEC3-9E26E67E00BC}.Debug|x64.ActiveCfg = Debug|Any CPU
		{192F8881-290C-4455-BEC3-9E26E67E00BC}.Debug|x64.Build.0 = Debug|Any CPU
		{192F8881-290C-4455-BEC3-9E26E67E00BC}.Debug|x86.ActiveCfg = Debug|Any CPU
		{192F8881-290C-4455-BEC3-9E26E67E00BC}.Debug|x86.Build.0 = Debug|Any CPU
		{192F8881-290C-4455-BEC3-9E26E67E00BC}.Release|Any CPU.ActiveCfg = Release|Any CPU
		{192F8881-290C-4455-BEC3-9E26E67E00BC}.Release|Any CPU.Build.0 = Release|Any CPU
		{192F8881-290C-4455-BEC3-9E26E67E00BC}.Release|x64.ActiveCfg = Release|Any CPU
		{192F8881-290C-4455-BEC3-9E26E67E00BC}.Release|x64.Build.0 = Release|Any CPU
		{192F8881-290C-4455-BEC3-9E26E67E00BC}.Release|x86.ActiveCfg = Release|Any CPU
		{192F8881-290C-4455-BEC3-9E26E67E00BC}.Release|x86.Build.0 = Release|Any CPU
	EndGlobalSection
	GlobalSection(SolutionProperties) = preSolution
		HideSolutionNode = FALSE
	EndGlobalSection
	GlobalSection(ExtensibilityGlobals) = postSolution
		SolutionGuid = {0E95BEE3-DD3E-492B-B88F-FE43B2EEE82F}
	EndGlobalSection
EndGlobal
